
Microsoft Visual Studio Solution File, Format Version 12.00
# Visual Studio 15
VisualStudioVersion = 15.0.26228.4
MinimumVisualStudioVersion = 10.0.40219.1
Project("{2150E333-8FDC-42A3-9474-1A3956D46DE8}") = "src", "src", "{74991754-BB14-47E1-894E-06A983C9AA43}"
EndProject
Project("{2150E333-8FDC-42A3-9474-1A3956D46DE8}") = "Solution Items", "Solution Items", "{FB110B99-8EA4-48E5-B318-911E4868FD48}"
	ProjectSection(SolutionItems) = preProject
		LICENCE.md = LICENCE.md
		README.md = README.md
	EndProjectSection
EndProject
Project("{2150E333-8FDC-42A3-9474-1A3956D46DE8}") = "test", "test", "{523E3D6E-9196-4175-90C5-591F9697672E}"
EndProject
Project("{2150E333-8FDC-42A3-9474-1A3956D46DE8}") = "examples", "examples", "{2D13A9B4-B515-4749-8809-815260C004FE}"
EndProject
Project("{9A19103F-16F7-4668-BE54-9A1E7A4F7556}") = "Thinktecture.Configuration", "src\Thinktecture.Configuration\Thinktecture.Configuration.csproj", "{173C00D2-A193-4E45-9BF2-2FB5EEA9C89B}"
EndProject
Project("{9A19103F-16F7-4668-BE54-9A1E7A4F7556}") = "Thinktecture.Configuration.JsonFile", "src\Thinktecture.Configuration.JsonFile\Thinktecture.Configuration.JsonFile.csproj", "{53E7D9E7-7582-4B18-B9B3-6C9C3798B72B}"
EndProject
Project("{9A19103F-16F7-4668-BE54-9A1E7A4F7556}") = "Thinktecture.Configuration.JsonFile.Autofac", "src\Thinktecture.Configuration.JsonFile.Autofac\Thinktecture.Configuration.JsonFile.Autofac.csproj", "{5E6ECC70-03DF-4959-A9FF-9051A81BD298}"
EndProject
Project("{9A19103F-16F7-4668-BE54-9A1E7A4F7556}") = "Thinktecture.Configuration.JsonFile.Autofac.Tests", "test\Thinktecture.Configuration.JsonFile.Autofac.Tests\Thinktecture.Configuration.JsonFile.Autofac.Tests.csproj", "{8112D8A2-131D-45CD-B44D-04E02ACAB2FF}"
EndProject
Project("{9A19103F-16F7-4668-BE54-9A1E7A4F7556}") = "Thinktecture.Configuration.JsonFile.Tests", "test\Thinktecture.Configuration.JsonFile.Tests\Thinktecture.Configuration.JsonFile.Tests.csproj", "{61FD615D-2DDE-4578-A9E5-B0390D5EB464}"
EndProject
Project("{9A19103F-16F7-4668-BE54-9A1E7A4F7556}") = "Thinktecture.Configuration.JsonFile.Autofac.Example", "examples\Thinktecture.Configuration.JsonFile.Autofac.Example\Thinktecture.Configuration.JsonFile.Autofac.Example.csproj", "{B2A50769-B375-4E52-AB0A-25B427478B13}"
EndProject
Global
	GlobalSection(SolutionConfigurationPlatforms) = preSolution
		Debug|Any CPU = Debug|Any CPU
		Release|Any CPU = Release|Any CPU
	EndGlobalSection
	GlobalSection(ProjectConfigurationPlatforms) = postSolution
		{173C00D2-A193-4E45-9BF2-2FB5EEA9C89B}.Debug|Any CPU.ActiveCfg = Debug|Any CPU
		{173C00D2-A193-4E45-9BF2-2FB5EEA9C89B}.Debug|Any CPU.Build.0 = Debug|Any CPU
		{173C00D2-A193-4E45-9BF2-2FB5EEA9C89B}.Release|Any CPU.ActiveCfg = Release|Any CPU
		{173C00D2-A193-4E45-9BF2-2FB5EEA9C89B}.Release|Any CPU.Build.0 = Release|Any CPU
		{53E7D9E7-7582-4B18-B9B3-6C9C3798B72B}.Debug|Any CPU.ActiveCfg = Debug|Any CPU
		{53E7D9E7-7582-4B18-B9B3-6C9C3798B72B}.Debug|Any CPU.Build.0 = Debug|Any CPU
		{53E7D9E7-7582-4B18-B9B3-6C9C3798B72B}.Release|Any CPU.ActiveCfg = Release|Any CPU
		{53E7D9E7-7582-4B18-B9B3-6C9C3798B72B}.Release|Any CPU.Build.0 = Release|Any CPU
		{5E6ECC70-03DF-4959-A9FF-9051A81BD298}.Debug|Any CPU.ActiveCfg = Debug|Any CPU
		{5E6ECC70-03DF-4959-A9FF-9051A81BD298}.Debug|Any CPU.Build.0 = Debug|Any CPU
		{5E6ECC70-03DF-4959-A9FF-9051A81BD298}.Release|Any CPU.ActiveCfg = Release|Any CPU
		{5E6ECC70-03DF-4959-A9FF-9051A81BD298}.Release|Any CPU.Build.0 = Release|Any CPU
		{8112D8A2-131D-45CD-B44D-04E02ACAB2FF}.Debug|Any CPU.ActiveCfg = Debug|Any CPU
		{8112D8A2-131D-45CD-B44D-04E02ACAB2FF}.Debug|Any CPU.Build.0 = Debug|Any CPU
		{8112D8A2-131D-45CD-B44D-04E02ACAB2FF}.Release|Any CPU.ActiveCfg = Release|Any CPU
		{8112D8A2-131D-45CD-B44D-04E02ACAB2FF}.Release|Any CPU.Build.0 = Release|Any CPU
		{61FD615D-2DDE-4578-A9E5-B0390D5EB464}.Debug|Any CPU.ActiveCfg = Debug|Any CPU
		{61FD615D-2DDE-4578-A9E5-B0390D5EB464}.Debug|Any CPU.Build.0 = Debug|Any CPU
		{61FD615D-2DDE-4578-A9E5-B0390D5EB464}.Release|Any CPU.ActiveCfg = Release|Any CPU
		{61FD615D-2DDE-4578-A9E5-B0390D5EB464}.Release|Any CPU.Build.0 = Release|Any CPU
		{B2A50769-B375-4E52-AB0A-25B427478B13}.Debug|Any CPU.ActiveCfg = Debug|Any CPU
		{B2A50769-B375-4E52-AB0A-25B427478B13}.Debug|Any CPU.Build.0 = Debug|Any CPU
		{B2A50769-B375-4E52-AB0A-25B427478B13}.Release|Any CPU.ActiveCfg = Release|Any CPU
		{B2A50769-B375-4E52-AB0A-25B427478B13}.Release|Any CPU.Build.0 = Release|Any CPU
	EndGlobalSection
	GlobalSection(SolutionProperties) = preSolution
		HideSolutionNode = FALSE
	EndGlobalSection
	GlobalSection(NestedProjects) = preSolution
		{173C00D2-A193-4E45-9BF2-2FB5EEA9C89B} = {74991754-BB14-47E1-894E-06A983C9AA43}
		{53E7D9E7-7582-4B18-B9B3-6C9C3798B72B} = {74991754-BB14-47E1-894E-06A983C9AA43}
		{5E6ECC70-03DF-4959-A9FF-9051A81BD298} = {74991754-BB14-47E1-894E-06A983C9AA43}
		{8112D8A2-131D-45CD-B44D-04E02ACAB2FF} = {523E3D6E-9196-4175-90C5-591F9697672E}
		{61FD615D-2DDE-4578-A9E5-B0390D5EB464} = {523E3D6E-9196-4175-90C5-591F9697672E}
		{B2A50769-B375-4E52-AB0A-25B427478B13} = {2D13A9B4-B515-4749-8809-815260C004FE}
	EndGlobalSection
EndGlobal
